<?xml version="1.0" encoding="utf-8"?>
<Project ToolsVersion="4.0" xmlns="http://schemas.microsoft.com/developer/msbuild/2003">
  <ItemGroup>
    <Filter Include="Source Files">
      <UniqueIdentifier>{4FC737F1-C7A5-4376-A066-2A32D752A2FF}</UniqueIdentifier>
      <Extensions>cpp;c;cc;cxx;def;odl;idl;hpj;bat;asm;asmx</Extensions>
    </Filter>
    <Filter Include="Header Files">
      <UniqueIdentifier>{93995380-89BD-4b04-88EB-625FBE52EBFB}</UniqueIdentifier>
      <Extensions>h;hh;hpp;hxx;hm;inl;inc;xsd</Extensions>
    </Filter>
    <Filter Include="Resource Files">
      <UniqueIdentifier>{67DA6AB6-F800-4c08-8B7A-83BB121AAD01}</UniqueIdentifier>
      <Extensions>qrc;rc;ico;cur;bmp;dlg;rc2;rct;bin;rgs;gif;jpg;jpeg;jpe;resx;tiff;tif;png;wav;mfcribbon-ms</Extensions>
    </Filter>
    <Filter Include="Form Files">
      <UniqueIdentifier>{99349809-55BA-4b9d-BF79-8FDBB0286EB3}</UniqueIdentifier>
      <Extensions>ui</Extensions>
    </Filter>
    <Filter Include="Translation Files">
      <UniqueIdentifier>{639EADAA-A684-42e4-A9AD-28FC9BCB8F7C}</UniqueIdentifier>
      <Extensions>ts</Extensions>
    </Filter>
    <Filter Include="musicPlayer">
      <UniqueIdentifier>{cc0a92b8-6565-4665-9de6-5654c494b9e8}</UniqueIdentifier>
    </Filter>
  </ItemGroup>
  <ItemGroup>
    <QtRcc Include="MediaPlayer.qrc">
      <Filter>Resource Files</Filter>
    </QtRcc>
  </ItemGroup>
  <ItemGroup>
    <ClCompile Include="main.cpp">
      <Filter>Source Files</Filter>
    </ClCompile>
    <ClCompile Include="src\customslider.cpp">
      <Filter>Source Files</Filter>
    </ClCompile>
    <ClCompile Include="src\mainwidget.cpp">
      <Filter>Source Files</Filter>
    </ClCompile>
    <ClCompile Include="src\MediaPlayer.cpp">
      <Filter>Source Files</Filter>
    </ClCompile>
    <ClCompile Include="src\sql.cpp">
      <Filter>Source Files</Filter>
    </ClCompile>
    <ClCompile Include="src\start.cpp">
      <Filter>Source Files</Filter>
    </ClCompile>
    <ClCompile Include="src\usersql.cpp">
      <Filter>Source Files</Filter>
    </ClCompile>
    <ClCompile Include="src\vsliderwidget.cpp">
      <Filter>Source Files</Filter>
    </ClCompile>
    <ClCompile Include="src\vmarqueelabel.cpp">
      <Filter>Source Files</Filter>
    </ClCompile>
    <ClCompile Include="src\gifProxyStyle.cpp">
      <Filter>Source Files</Filter>
    </ClCompile>
    <ClCompile Include="src\musicPlayer\LrcWidget.cpp">
      <Filter>musicPlayer</Filter>
    </ClCompile>
    <ClCompile Include="src\musicPlayer\musicInfoDelegate.cpp">
      <Filter>musicPlayer</Filter>
    </ClCompile>
    <ClCompile Include="src\musicPlayer\musicInfoModel.cpp">
      <Filter>musicPlayer</Filter>
    </ClCompile>
    <ClCompile Include="src\musicPlayer\musicManager.cpp">
      <Filter>musicPlayer</Filter>
    </ClCompile>
    <ClCompile Include="src\musicPlayer\musicplayer.cpp">
      <Filter>musicPlayer</Filter>
    </ClCompile>
    <ClCompile Include="src\musicPlayer\searchMusicView.cpp">
      <Filter>musicPlayer</Filter>
    </ClCompile>
    <ClCompile Include="src\musicPlayer\musicImage.cpp">
      <Filter>musicPlayer</Filter>
    </ClCompile>
    <ClCompile Include="src\musicPlayer\musicInfoWidget.cpp">
      <Filter>musicPlayer</Filter>
    </ClCompile>
  </ItemGroup>
  <ItemGroup>
    <QtMoc Include="src\customslider.h">
      <Filter>Header Files</Filter>
    </QtMoc>
    <QtMoc Include="src\mainwidget.h">
      <Filter>Header Files</Filter>
    </QtMoc>
    <QtMoc Include="src\MediaPlayer.h">
      <Filter>Header Files</Filter>
    </QtMoc>
    <QtMoc Include="src\sql.h">
      <Filter>Header Files</Filter>
    </QtMoc>
    <QtMoc Include="src\start.h">
      <Filter>Header Files</Filter>
    </QtMoc>
    <QtMoc Include="src\usersql.h">
      <Filter>Header Files</Filter>
    </QtMoc>
    <QtMoc Include="src\vsliderwidget.h">
      <Filter>Header Files</Filter>
    </QtMoc>
    <QtMoc Include="src\vmarqueelabel.h">
      <Filter>Header Files</Filter>
    </QtMoc>
    <QtMoc Include="src\musicPlayer\LrcWidget.h">
      <Filter>musicPlayer</Filter>
    </QtMoc>
    <QtMoc Include="src\musicPlayer\musicInfoDelegate.h">
      <Filter>musicPlayer</Filter>
    </QtMoc>
    <QtMoc Include="src\musicPlayer\musicInfoModel.h">
      <Filter>musicPlayer</Filter>
    </QtMoc>
    <QtMoc Include="src\musicPlayer\musicManager.h">
      <Filter>musicPlayer</Filter>
    </QtMoc>
    <QtMoc Include="src\musicPlayer\musicplayer.h">
      <Filter>musicPlayer</Filter>
    </QtMoc>
    <QtMoc Include="src\musicPlayer\searchMusicView.h">
      <Filter>musicPlayer</Filter>
    </QtMoc>
    <QtMoc Include="src\musicPlayer\musicImage.h">
      <Filter>musicPlayer</Filter>
    </QtMoc>
    <QtMoc Include="src\musicPlayer\musicInfoWidget.h">
      <Filter>musicPlayer</Filter>
    </QtMoc>
  </ItemGroup>
  <ItemGroup>
    <QtUic Include="src\mainwidget.ui">
      <Filter>Form Files</Filter>
    </QtUic>
    <QtUic Include="src\MediaPlayer.ui">
      <Filter>Form Files</Filter>
    </QtUic>
    <QtUic Include="src\network.ui">
      <Filter>Form Files</Filter>
    </QtUic>
    <QtUic Include="src\sql.ui">
      <Filter>Form Files</Filter>
    </QtUic>
    <QtUic Include="src\start.ui">
      <Filter>Form Files</Filter>
    </QtUic>
    <QtUic Include="src\usersql.ui">
      <Filter>Form Files</Filter>
    </QtUic>
    <QtUic Include="src\vsliderwidget.ui">
      <Filter>Form Files</Filter>
    </QtUic>
    <QtUic Include="src\musicPlayer\LrcWidget.ui">
      <Filter>musicPlayer</Filter>
    </QtUic>
    <QtUic Include="src\musicPlayer\musicplayer.ui">
      <Filter>musicPlayer</Filter>
    </QtUic>
    <QtUic Include="src\musicPlayer\searchMusicView.ui">
      <Filter>musicPlayer</Filter>
    </QtUic>
    <QtUic Include="src\musicPlayer\musicInfoWidget.ui">
      <Filter>musicPlayer</Filter>
    </QtUic>
  </ItemGroup>
  <ItemGroup>
    <ClInclude Include="src\gifProxyStyle.h">
      <Filter>Header Files</Filter>
    </ClInclude>
  </ItemGroup>
</Project>